{
  "name": "homebridge-delay-switch",
  "version": "3.0.3",
  "lockfileVersion": 3,
  "requires": true,
  "packages": {
    "": {
      "name": "homebridge-delay-switch",
      "version": "3.0.3",
      "funding": [
        {
          "type": "paypal",
          "url": "https://paypal.me/nitaybz"
        },
        {
          "type": "patreon",
          "url": "https://www.patreon.com/nitaybz"
        },
        {
          "type": "kofi",
          "url": "https://ko-fi.com/nitaybz"
        }
      ],
      "license": "MIT",
      "engines": {
        "homebridge": ">=1.5.0",
        "node": ">=15.0.0"
      }
    }
  }
}
